
Microsoft Visual Studio Solution File, Format Version 12.00
# Visual Studio Version 16
VisualStudioVersion = 16.0.30523.141
MinimumVisualStudioVersion = 10.0.40219.1
Project("{9A19103F-16F7-4668-BE54-9A1E7A4F7556}") = "RejestracjaCzasuPracy", "RejestracjaCzasuPracy\RejestracjaCzasuPracy.csproj", "{2543DDCC-A30F-4D6F-BEBA-77D81A763287}"
EndProject
Project("{9A19103F-16F7-4668-BE54-9A1E7A4F7556}") = "RejestracjaCzasuPracy.DB", "RejestracjaCzasuPracy.DB\RejestracjaCzasuPracy.DB.csproj", "{630F3025-F96B-44F6-B3A4-7FE3524F8D4E}"
EndProject
Global
	GlobalSection(SolutionConfigurationPlatforms) = preSolution
		Debug|Any CPU = Debug|Any CPU
		Release|Any CPU = Release|Any CPU
	EndGlobalSection
	GlobalSection(ProjectConfigurationPlatforms) = postSolution
		{2543DDCC-A30F-4D6F-BEBA-77D81A763287}.Debug|Any CPU.ActiveCfg = Debug|Any CPU
		{2543DDCC-A30F-4D6F-BEBA-77D81A763287}.Debug|Any CPU.Build.0 = Debug|Any CPU
		{2543DDCC-A30F-4D6F-BEBA-77D81A763287}.Release|Any CPU.ActiveCfg = Release|Any CPU
		{2543DDCC-A30F-4D6F-BEBA-77D81A763287}.Release|Any CPU.Build.0 = Release|Any CPU
		{630F3025-F96B-44F6-B3A4-7FE3524F8D4E}.Debug|Any CPU.ActiveCfg = Debug|Any CPU
		{630F3025-F96B-44F6-B3A4-7FE3524F8D4E}.Debug|Any CPU.Build.0 = Debug|Any CPU
		{630F3025-F96B-44F6-B3A4-7FE3524F8D4E}.Release|Any CPU.ActiveCfg = Release|Any CPU
		{630F3025-F96B-44F6-B3A4-7FE3524F8D4E}.Release|Any CPU.Build.0 = Release|Any CPU
	EndGlobalSection
	GlobalSection(SolutionProperties) = preSolution
		HideSolutionNode = FALSE
	EndGlobalSection
	GlobalSection(ExtensibilityGlobals) = postSolution
		SolutionGuid = {87FB2E8A-9F89-4D7B-8D33-8BF163C8BAAD}
	EndGlobalSection
EndGlobal
